
Microsoft Visual Studio Solution File, Format Version 12.00
# Visual Studio Version 16
VisualStudioVersion = 16.0.30621.155
MinimumVisualStudioVersion = 10.0.40219.1
Project("{FAE04EC0-301F-11D3-BF4B-00C04F79EFBC}") = "Rheal_DatabaseOperations1", "Rheal_DatabaseOperations1\Rheal_DatabaseOperations1.csproj", "{F8335BCE-4E13-4A0D-B569-0E35A99E6B92}"
EndProject
Global
	GlobalSection(SolutionConfigurationPlatforms) = preSolution
		Debug|Any CPU = Debug|Any CPU
		Release|Any CPU = Release|Any CPU
	EndGlobalSection
	GlobalSection(ProjectConfigurationPlatforms) = postSolution
		{F8335BCE-4E13-4A0D-B569-0E35A99E6B92}.Debug|Any CPU.ActiveCfg = Debug|Any CPU
		{F8335BCE-4E13-4A0D-B569-0E35A99E6B92}.Debug|Any CPU.Build.0 = Debug|Any CPU
		{F8335BCE-4E13-4A0D-B569-0E35A99E6B92}.Release|Any CPU.ActiveCfg = Release|Any CPU
		{F8335BCE-4E13-4A0D-B569-0E35A99E6B92}.Release|Any CPU.Build.0 = Release|Any CPU
	EndGlobalSection
	GlobalSection(SolutionProperties) = preSolution
		HideSolutionNode = FALSE
	EndGlobalSection
	GlobalSection(ExtensibilityGlobals) = postSolution
		SolutionGuid = {C5F9BB80-F897-42C3-8E8C-118FCA970EAD}
	EndGlobalSection
EndGlobal
